
Microsoft Visual Studio Solution File, Format Version 12.00
# Visual Studio Version 17
VisualStudioVersion = 17.4.33213.308
MinimumVisualStudioVersion = 10.0.40219.1
Project("{FAE04EC0-301F-11D3-BF4B-00C04F79EFBC}") = "VerificaDebito", "VerificaDebito\VerificaDebito.csproj", "{502D570D-D5CE-456A-BC47-959D997B20B1}"
EndProject
Global
	GlobalSection(SolutionConfigurationPlatforms) = preSolution
		Debug|Any CPU = Debug|Any CPU
		Release|Any CPU = Release|Any CPU
	EndGlobalSection
	GlobalSection(ProjectConfigurationPlatforms) = postSolution
		{502D570D-D5CE-456A-BC47-959D997B20B1}.Debug|Any CPU.ActiveCfg = Debug|Any CPU
		{502D570D-D5CE-456A-BC47-959D997B20B1}.Debug|Any CPU.Build.0 = Debug|Any CPU
		{502D570D-D5CE-456A-BC47-959D997B20B1}.Release|Any CPU.ActiveCfg = Release|Any CPU
		{502D570D-D5CE-456A-BC47-959D997B20B1}.Release|Any CPU.Build.0 = Release|Any CPU
	EndGlobalSection
	GlobalSection(SolutionProperties) = preSolution
		HideSolutionNode = FALSE
	EndGlobalSection
	GlobalSection(ExtensibilityGlobals) = postSolution
		SolutionGuid = {B46A99B5-8A11-4D98-90C9-C97B847B8E12}
	EndGlobalSection
EndGlobal
